
Microsoft Visual Studio Solution File, Format Version 12.00
# Visual Studio Version 16
VisualStudioVersion = 16.0.31321.278
MinimumVisualStudioVersion = 10.0.40219.1
Project("{FAE04EC0-301F-11D3-BF4B-00C04F79EFBC}") = "HEIC Photo Viewer", "HEIC Photo Viewer\HEIC Photo Viewer.csproj", "{D0E6BF3E-6384-43CC-B93C-27783D156CE0}"
EndProject
Global
	GlobalSection(SolutionConfigurationPlatforms) = preSolution
		Debug|Any CPU = Debug|Any CPU
		Release|Any CPU = Release|Any CPU
	EndGlobalSection
	GlobalSection(ProjectConfigurationPlatforms) = postSolution
		{D0E6BF3E-6384-43CC-B93C-27783D156CE0}.Debug|Any CPU.ActiveCfg = Debug|Any CPU
		{D0E6BF3E-6384-43CC-B93C-27783D156CE0}.Debug|Any CPU.Build.0 = Debug|Any CPU
		{D0E6BF3E-6384-43CC-B93C-27783D156CE0}.Release|Any CPU.ActiveCfg = Release|Any CPU
		{D0E6BF3E-6384-43CC-B93C-27783D156CE0}.Release|Any CPU.Build.0 = Release|Any CPU
	EndGlobalSection
	GlobalSection(SolutionProperties) = preSolution
		HideSolutionNode = FALSE
	EndGlobalSection
	GlobalSection(ExtensibilityGlobals) = postSolution
		SolutionGuid = {66C3FABC-75AA-46DA-B591-57451AA7355C}
	EndGlobalSection
EndGlobal
